[{<<"cowboy">>,
  {git,"https://github.com/ninenines/cowboy.git",
       {ref,"137e86de7b94a85c0bae72fbc7848bb849a8ac0b"}},
  0},
 {<<"cowlib">>,
  {git,"https://github.com/ninenines/cowlib",
       {ref,"e9448e5628c8c1d9083223ff973af8de31a566d1"}},
  1},
 {<<"ranch">>,
  {git,"https://github.com/ninenines/ranch",
       {ref,"a692f44567034dacf5efcaa24a24183788594eb7"}},
  1}].
